
Microsoft Visual Studio Solution File, Format Version 12.00
# Visual Studio 14
VisualStudioVersion = 14.0.25420.1
MinimumVisualStudioVersion = 10.0.40219.1
Project("{2150E333-8FDC-42A3-9474-1A3956D46DE8}") = "src", "src", "{4FF065F0-14E2-476D-B793-0F72F6C49FEE}"
EndProject
Project("{2150E333-8FDC-42A3-9474-1A3956D46DE8}") = "test", "test", "{3ABA5E5C-1601-4771-9D33-8CB43172A708}"
EndProject
Project("{2150E333-8FDC-42A3-9474-1A3956D46DE8}") = "Solution Items", "Solution Items", "{955CB4D8-3732-44F8-BD2A-36912D1B8467}"
	ProjectSection(SolutionItems) = preProject
		global.json = global.json
		README.md = README.md
	EndProjectSection
EndProject
Project("{8BB2217D-0F2D-49D1-97BC-3654ED321F3B}") = "Common", "src\Common\Common.xproj", "{B0ACB941-63E7-4C8D-8B72-1CFE40D72D49}"
EndProject
Project("{8BB2217D-0F2D-49D1-97BC-3654ED321F3B}") = "Backend.Hosting", "src\Backend.Hosting\Backend.Hosting.xproj", "{44C6F7E7-F0B8-4EF9-ADD5-56663D17AC33}"
EndProject
Project("{8BB2217D-0F2D-49D1-97BC-3654ED321F3B}") = "WebClient.Hosting", "src\WebClient.Hosting\WebClient.Hosting.xproj", "{F4CD38AA-B092-4164-A231-ED38F7396F99}"
EndProject
Global
	GlobalSection(SolutionConfigurationPlatforms) = preSolution
		Debug|Any CPU = Debug|Any CPU
		Release|Any CPU = Release|Any CPU
	EndGlobalSection
	GlobalSection(ProjectConfigurationPlatforms) = postSolution
		{B0ACB941-63E7-4C8D-8B72-1CFE40D72D49}.Debug|Any CPU.ActiveCfg = Debug|Any CPU
		{B0ACB941-63E7-4C8D-8B72-1CFE40D72D49}.Debug|Any CPU.Build.0 = Debug|Any CPU
		{B0ACB941-63E7-4C8D-8B72-1CFE40D72D49}.Release|Any CPU.ActiveCfg = Release|Any CPU
		{B0ACB941-63E7-4C8D-8B72-1CFE40D72D49}.Release|Any CPU.Build.0 = Release|Any CPU
		{44C6F7E7-F0B8-4EF9-ADD5-56663D17AC33}.Debug|Any CPU.ActiveCfg = Debug|Any CPU
		{44C6F7E7-F0B8-4EF9-ADD5-56663D17AC33}.Debug|Any CPU.Build.0 = Debug|Any CPU
		{44C6F7E7-F0B8-4EF9-ADD5-56663D17AC33}.Release|Any CPU.ActiveCfg = Release|Any CPU
		{44C6F7E7-F0B8-4EF9-ADD5-56663D17AC33}.Release|Any CPU.Build.0 = Release|Any CPU
		{F4CD38AA-B092-4164-A231-ED38F7396F99}.Debug|Any CPU.ActiveCfg = Debug|Any CPU
		{F4CD38AA-B092-4164-A231-ED38F7396F99}.Debug|Any CPU.Build.0 = Debug|Any CPU
		{F4CD38AA-B092-4164-A231-ED38F7396F99}.Release|Any CPU.ActiveCfg = Release|Any CPU
		{F4CD38AA-B092-4164-A231-ED38F7396F99}.Release|Any CPU.Build.0 = Release|Any CPU
	EndGlobalSection
	GlobalSection(SolutionProperties) = preSolution
		HideSolutionNode = FALSE
	EndGlobalSection
	GlobalSection(NestedProjects) = preSolution
		{B0ACB941-63E7-4C8D-8B72-1CFE40D72D49} = {4FF065F0-14E2-476D-B793-0F72F6C49FEE}
		{44C6F7E7-F0B8-4EF9-ADD5-56663D17AC33} = {4FF065F0-14E2-476D-B793-0F72F6C49FEE}
		{F4CD38AA-B092-4164-A231-ED38F7396F99} = {4FF065F0-14E2-476D-B793-0F72F6C49FEE}
	EndGlobalSection
EndGlobal
